{
  "version": 4,
  "terraform_version": "1.14.8",
  "serial": 21,
  "lineage": "8f118dbe-99f7-1bbb-c059-79cde5502bf2",
  "outputs": {},
  "resources": [
    {
      "module": "module.compute",
      "mode": "managed",
      "type": "azurerm_lb",
      "name": "lb",
      "provider": "provider[\"registry.terraform.io/hashicorp/azurerm\"]",
      "instances": [
        {
          "schema_version": 0,
          "attributes": {
            "edge_zone": "",
            "frontend_ip_configuration": [
              {
                "gateway_load_balancer_frontend_ip_configuration_id": "",
                "id": "/subscriptions/c9408e4f-a269-4158-9a33-8e945d083b52/resourceGroups/terraform-infra-RG/providers/Microsoft.Network/loadBalancers/terraform-lb/frontendIPConfigurations/PublicIP",
                "inbound_nat_rules": [],
                "load_balancer_rules": [
                  "/subscriptions/c9408e4f-a269-4158-9a33-8e945d083b52/resourceGroups/terraform-infra-RG/providers/Microsoft.Network/loadBalancers/terraform-lb/loadBalancingRules/HTTP"
                ],
                "name": "PublicIP",
                "outbound_rules": [],
                "private_ip_address": "",
                "private_ip_address_allocation": "Dynamic",
                "private_ip_address_version": "",
                "public_ip_address_id": "/subscriptions/c9408e4f-a269-4158-9a33-8e945d083b52/resourceGroups/terraform-infra-RG/providers/Microsoft.Network/publicIPAddresses/terraform-lb-pip",
                "public_ip_prefix_id": "",
                "subnet_id": "",
                "zones": []
              }
            ],
            "id": "/subscriptions/c9408e4f-a269-4158-9a33-8e945d083b52/resourceGroups/terraform-infra-RG/providers/Microsoft.Network/loadBalancers/terraform-lb",
            "location": "westus2",
            "name": "terraform-lb",
            "private_ip_address": "",
            "private_ip_addresses": [],
            "resource_group_name": "terraform-infra-RG",
            "sku": "Standard",
            "sku_tier": "Regional",
            "tags": {},
            "timeouts": null
          },
          "sensitive_attributes": [],
          "identity_schema_version": 0,
          "private": "eyJlMmJmYjczMC1lY2FhLTExZTYtOGY4OC0zNDM2M2JjN2M0YzAiOnsiY3JlYXRlIjoxODAwMDAwMDAwMDAwLCJkZWxldGUiOjE4MDAwMDAwMDAwMDAsInJlYWQiOjMwMDAwMDAwMDAwMCwidXBkYXRlIjoxODAwMDAwMDAwMDAwfX0=",
          "dependencies": [
            "module.compute.azurerm_public_ip.lb_pip"
          ]
        }
      ]
    },
    {
      "module": "module.compute",
      "mode": "managed",
      "type": "azurerm_lb_backend_address_pool",
      "name": "bap",
      "provider": "provider[\"registry.terraform.io/hashicorp/azurerm\"]",
      "instances": [
        {
          "schema_version": 0,
          "attributes": {
            "backend_ip_configurations": [],
            "id": "/subscriptions/c9408e4f-a269-4158-9a33-8e945d083b52/resourceGroups/terraform-infra-RG/providers/Microsoft.Network/loadBalancers/terraform-lb/backendAddressPools/backend-pool",
            "inbound_nat_rules": [],
            "load_balancing_rules": [
              "/subscriptions/c9408e4f-a269-4158-9a33-8e945d083b52/resourceGroups/terraform-infra-RG/providers/Microsoft.Network/loadBalancers/terraform-lb/loadBalancingRules/HTTP"
            ],
            "loadbalancer_id": "/subscriptions/c9408e4f-a269-4158-9a33-8e945d083b52/resourceGroups/terraform-infra-RG/providers/Microsoft.Network/loadBalancers/terraform-lb",
            "name": "backend-pool",
            "outbound_rules": [],
            "synchronous_mode": "",
            "timeouts": null,
            "tunnel_interface": [],
            "virtual_network_id": ""
          },
          "sensitive_attributes": [],
          "identity_schema_version": 0,
          "private": "eyJlMmJmYjczMC1lY2FhLTExZTYtOGY4OC0zNDM2M2JjN2M0YzAiOnsiY3JlYXRlIjoxODAwMDAwMDAwMDAwLCJkZWxldGUiOjE4MDAwMDAwMDAwMDAsInJlYWQiOjMwMDAwMDAwMDAwMCwidXBkYXRlIjoxODAwMDAwMDAwMDAwfX0=",
          "dependencies": [
            "module.compute.azurerm_lb.lb",
            "module.compute.azurerm_public_ip.lb_pip"
          ]
        }
      ]
    },
    {
      "module": "module.compute",
      "mode": "managed",
      "type": "azurerm_lb_probe",
      "name": "probe",
      "provider": "provider[\"registry.terraform.io/hashicorp/azurerm\"]",
      "instances": [
        {
          "schema_version": 0,
          "attributes": {
            "id": "/subscriptions/c9408e4f-a269-4158-9a33-8e945d083b52/resourceGroups/terraform-infra-RG/providers/Microsoft.Network/loadBalancers/terraform-lb/probes/http-probe",
            "interval_in_seconds": 15,
            "load_balancer_rules": [
              "/subscriptions/c9408e4f-a269-4158-9a33-8e945d083b52/resourceGroups/terraform-infra-RG/providers/Microsoft.Network/loadBalancers/terraform-lb/loadBalancingRules/HTTP"
            ],
            "loadbalancer_id": "/subscriptions/c9408e4f-a269-4158-9a33-8e945d083b52/resourceGroups/terraform-infra-RG/providers/Microsoft.Network/loadBalancers/terraform-lb",
            "name": "http-probe",
            "number_of_probes": 2,
            "port": 80,
            "probe_threshold": 1,
            "protocol": "Http",
            "request_path": "/",
            "timeouts": null
          },
          "sensitive_attributes": [],
          "identity_schema_version": 0,
          "private": "eyJlMmJmYjczMC1lY2FhLTExZTYtOGY4OC0zNDM2M2JjN2M0YzAiOnsiY3JlYXRlIjoxODAwMDAwMDAwMDAwLCJkZWxldGUiOjE4MDAwMDAwMDAwMDAsInJlYWQiOjMwMDAwMDAwMDAwMCwidXBkYXRlIjoxODAwMDAwMDAwMDAwfX0=",
          "dependencies": [
            "module.compute.azurerm_lb.lb",
            "module.compute.azurerm_public_ip.lb_pip"
          ]
        }
      ]
    },
    {
      "module": "module.compute",
      "mode": "managed",
      "type": "azurerm_lb_rule",
      "name": "rule",
      "provider": "provider[\"registry.terraform.io/hashicorp/azurerm\"]",
      "instances": [
        {
          "schema_version": 0,
          "attributes": {
            "backend_address_pool_ids": [
              "/subscriptions/c9408e4f-a269-4158-9a33-8e945d083b52/resourceGroups/terraform-infra-RG/providers/Microsoft.Network/loadBalancers/terraform-lb/backendAddressPools/backend-pool"
            ],
            "backend_port": 80,
            "disable_outbound_snat": false,
            "enable_floating_ip": false,
            "enable_tcp_reset": false,
            "frontend_ip_configuration_id": "/subscriptions/c9408e4f-a269-4158-9a33-8e945d083b52/resourceGroups/terraform-infra-RG/providers/Microsoft.Network/loadBalancers/terraform-lb/frontendIPConfigurations/PublicIP",
            "frontend_ip_configuration_name": "PublicIP",
            "frontend_port": 80,
            "id": "/subscriptions/c9408e4f-a269-4158-9a33-8e945d083b52/resourceGroups/terraform-infra-RG/providers/Microsoft.Network/loadBalancers/terraform-lb/loadBalancingRules/HTTP",
            "idle_timeout_in_minutes": 4,
            "load_distribution": "Default",
            "loadbalancer_id": "/subscriptions/c9408e4f-a269-4158-9a33-8e945d083b52/resourceGroups/terraform-infra-RG/providers/Microsoft.Network/loadBalancers/terraform-lb",
            "name": "HTTP",
            "probe_id": "/subscriptions/c9408e4f-a269-4158-9a33-8e945d083b52/resourceGroups/terraform-infra-RG/providers/Microsoft.Network/loadBalancers/terraform-lb/probes/http-probe",
            "protocol": "Tcp",
            "timeouts": null
          },
          "sensitive_attributes": [],
          "identity_schema_version": 0,
          "private": "eyJlMmJmYjczMC1lY2FhLTExZTYtOGY4OC0zNDM2M2JjN2M0YzAiOnsiY3JlYXRlIjoxODAwMDAwMDAwMDAwLCJkZWxldGUiOjE4MDAwMDAwMDAwMDAsInJlYWQiOjMwMDAwMDAwMDAwMCwidXBkYXRlIjoxODAwMDAwMDAwMDAwfX0=",
          "dependencies": [
            "module.compute.azurerm_lb.lb",
            "module.compute.azurerm_lb_backend_address_pool.bap",
            "module.compute.azurerm_lb_probe.probe",
            "module.compute.azurerm_public_ip.lb_pip"
          ]
        }
      ]
    },
    {
      "module": "module.compute",
      "mode": "managed",
      "type": "azurerm_public_ip",
      "name": "lb_pip",
      "provider": "provider[\"registry.terraform.io/hashicorp/azurerm\"]",
      "instances": [
        {
          "schema_version": 0,
          "attributes": {
            "allocation_method": "Static",
            "ddos_protection_mode": "VirtualNetworkInherited",
            "ddos_protection_plan_id": null,
            "domain_name_label": null,
            "edge_zone": "",
            "fqdn": null,
            "id": "/subscriptions/c9408e4f-a269-4158-9a33-8e945d083b52/resourceGroups/terraform-infra-RG/providers/Microsoft.Network/publicIPAddresses/terraform-lb-pip",
            "idle_timeout_in_minutes": 4,
            "ip_address": "20.109.174.42",
            "ip_tags": {},
            "ip_version": "IPv4",
            "location": "westus2",
            "name": "terraform-lb-pip",
            "public_ip_prefix_id": null,
            "resource_group_name": "terraform-infra-RG",
            "reverse_fqdn": null,
            "sku": "Standard",
            "sku_tier": "Regional",
            "tags": {},
            "timeouts": null,
            "zones": []
          },
          "sensitive_attributes": [],
          "identity_schema_version": 0,
          "private": "eyJlMmJmYjczMC1lY2FhLTExZTYtOGY4OC0zNDM2M2JjN2M0YzAiOnsiY3JlYXRlIjoxODAwMDAwMDAwMDAwLCJkZWxldGUiOjE4MDAwMDAwMDAwMDAsInJlYWQiOjMwMDAwMDAwMDAwMCwidXBkYXRlIjoxODAwMDAwMDAwMDAwfX0="
        }
      ]
    },
    {
      "module": "module.compute",
      "mode": "managed",
      "type": "tls_private_key",
      "name": "ssh",
      "provider": "provider[\"registry.terraform.io/hashicorp/tls\"]",
      "instances": [
        {
          "schema_version": 1,
          "attributes": {
            "algorithm": "RSA",
            "ecdsa_curve": "P224",
            "id": "43877e29005272ca1c58110aee41e190e553603f",
            "private_key_openssh": "-----BEGIN OPENSSH PRIVATE KEY-----\nb3BlbnNzaC1rZXktdjEAAAAABG5vbmUAAAAEbm9uZQAAAAAAAAABAAACFwAAAAdz\nc2gtcnNhAAAAAwEAAQAAAgEAzVOjn31ZUVAbDQvdDg4YWEQFIJxQDy1qdFSTDksS\ndql4j0dpHk6zGA+x2cwMh230Lpi8C6DzdSYxmfSsN/VXhXCmb6U5gGcBkVjyTomx\nn0k1VQ7kM1xzHnpiL91rQX9sT31k4M2rs7xIgxxxStyiDz2PzQ1XqQFbkKFegchc\nDzimdSom3oOxVvX9z5CtiePUvHO3PcoiAmJd0mktCXFKaWFLQ79HDOENoeZwcjVq\n0xoWZpl9XQA8TRgvbKxDTl/Fdj2Rw4EYHN9hU9F+KlgA90RIxsQbF+sTzsrQ7L0w\nqdbaX5W3vuoyhBK/ozPOH7yXgL8TJH/gdlUYo/8f1AFkxUV+jkd13we4KeQBoe/b\ns1RfuiVICFh2GcWwq1zr9/2zaZNIlPyh63m41U8qoUie8oDKcnlgPZnllKIdFhr0\nC3h6xKrQc4KyvwlUOZ07mBm3ysSxHsJQ4udY3h3lGIO1rn05TN9dpQeeZOUzx0eS\nqyDuONkatSPbYpRyO7667ol0zHx8zrAzFXdav+gd2IhASxgroJ6OIONEsJSnu7Qd\nlEwbM0eR8AxVldHzds3i63Sbo2gwlg2bv/XuRhCcYS99WZog3sEDRljXXalJwL48\n1Crzi92aVdNtrbCCePGk6KWQ0NrWZVcbtD+zojuWoWNqPShPlPZUu+Z6fTWWLzWr\nd0MAAAc4GHIBNRhyATUAAAAHc3NoLXJzYQAAAgEAzVOjn31ZUVAbDQvdDg4YWEQF\nIJxQDy1qdFSTDksSdql4j0dpHk6zGA+x2cwMh230Lpi8C6DzdSYxmfSsN/VXhXCm\nb6U5gGcBkVjyTomxn0k1VQ7kM1xzHnpiL91rQX9sT31k4M2rs7xIgxxxStyiDz2P\nzQ1XqQFbkKFegchcDzimdSom3oOxVvX9z5CtiePUvHO3PcoiAmJd0mktCXFKaWFL\nQ79HDOENoeZwcjVq0xoWZpl9XQA8TRgvbKxDTl/Fdj2Rw4EYHN9hU9F+KlgA90RI\nxsQbF+sTzsrQ7L0wqdbaX5W3vuoyhBK/ozPOH7yXgL8TJH/gdlUYo/8f1AFkxUV+\njkd13we4KeQBoe/bs1RfuiVICFh2GcWwq1zr9/2zaZNIlPyh63m41U8qoUie8oDK\ncnlgPZnllKIdFhr0C3h6xKrQc4KyvwlUOZ07mBm3ysSxHsJQ4udY3h3lGIO1rn05\nTN9dpQeeZOUzx0eSqyDuONkatSPbYpRyO7667ol0zHx8zrAzFXdav+gd2IhASxgr\noJ6OIONEsJSnu7QdlEwbM0eR8AxVldHzds3i63Sbo2gwlg2bv/XuRhCcYS99WZog\n3sEDRljXXalJwL481Crzi92aVdNtrbCCePGk6KWQ0NrWZVcbtD+zojuWoWNqPShP\nlPZUu+Z6fTWWLzWrd0MAAAADAQABAAACAANjYB8cimqX/lpICI/6z+18N63OcimT\nxY014Mu2foPeCYFw24BMh8xnTSunQxCTOtOSvrwA748rsXLveNmCFo7pg4QhNpPh\nTc7GBVattkW7WPx/EDrF1TqpV24rf76v2uA9ppGX0z+zTd8EudzHei3cBXoAY3Qb\nlrfyztXig24FmUsLeqi4nFVGqeXoCaOcI/AA5HdhSWztvMuynbOjpGdulcMAbn3l\nu7vbHIcuqnmyw8eAjf7aJzvbiZWICuimuQTlY5AyseD8dHyEJNXslpGsibKJnM6o\n9gtxWm5TeZ8w8Yga/LsNaZIrotmPUI9xJUBSoQqZ4Ca2pSIsv/G0v9FIgRvT6EXS\nybZiEob7/Su9FwiEIp4E9SjgJPl/c/srW0iu65GsQZITKHcqRmipsLLgqqmnTDvo\nwVUUN227laaOcv5OhXG6KCX9rsgXlQy/kNlt52JwjNce+9mhIT5dVH/+ZShevlXp\niwy2wrnWPfky/M0w40cEEn63NRsuIR18r+Ykv9D0JYxVPFKcyC2JWsmSEraSupte\nwAfi2UHD72tAJYzyycnn4rEx4Re0yClJNEpkiHa0Kx1/7qBRLZ2lNv7j+qcVs2xk\n+FM1LHxIJoe8o3m9mi9CHY1l6nsS2mAC9/LYi8Y19XaEYI+7y3/6NOdjed+s9nzM\nOXWeh3iwyZ7BAAABAQDWGd0cJLM4LlDza7vIpUcKwqhd/oioC6r4GDoQxsF676dy\nvAL6DqKp5czYoooq6RUxMyHuplS4umgZHKgcbEF7r+8BTErdANJ7pRpMVhEWAbGc\nrd0dorAWaE7xz8xMeS1wkgrxnDrVy5rqCQ3Xduw+eu9y7bwJRvEb3wXwxE4+K+CU\n4sAeLUylFXvGoQq5y7Der0dpboaU0xSbDhohoUI471Ip438LmiWNE3WOE699/SKK\nkGfnX1jronuw/oUdBDlKx+kn7pXziCrUjvLTZwPAe+NAC2H1U3mPHuexdfwd4S81\n+DV3MCvKn/NaW53d0ozr/HBhHPbtbhfwAKAhEpuVAAABAQD1FitIE3M1jYY6G1sy\nlzW+lAKZYFacEl8FZnueOboZlb/igi8Seas+MD93z8BJ3w85ywid+W1NbTV7T7W0\nF6LD45bKpyJfGg0rDMkEi5ZzXO+dCQyMtTTd92yQQ2y3+IFSVv1Cvpd5m6mENP5K\nn8GFUJCJY1nv3LjhzLov9nDAGQVXeXoNG5uxa3bQHDqI776jNbVCpy5n7DSnrGB/\n513lIMmauXQuMrlgTaah3r5s0roHp3cxxHnbXf6ZDq5batS5gvrK/iO+m6IuFRYZ\nv5FvN4arCqUXrN/nCOHKBUjSWC/0OFjmIJoDjg/MfbUpHJ6ZUjafeRhW5Rqx9F96\n50X3AAABAQDWeDuXSmz9fP+PsCP4XgjXw9kOWSc/rsmBnc+qSidSqeBuhS6FXX+s\nNm6hAroQVO3M1K92J+e8goZ3rsmQ7XZeUQSLFn4qujsTYRoLKTbJhwmWravKWf43\n2UsEFdNiu5Jmb8X+iqtH4vNrHPGPgDcGI44AaZA1s/mFUypePCV5EAvw0L5D5fPd\nBVuY+zcHKEJ7sZdvP7bwH/6Z5yeISggFsOZo+EFIIWZ3Tc8gKzJjbjF9IF7WlwIR\nftUHG1G/3TYDXzAkxRzT/pLta2msmo3nvDtYMhcu0k6Z/OKsyih1k4d597F5wIq8\nR1/+QbE0J7YN6ou4Y+qJdDz8fM9S7JYVAAAAAAEC\n-----END OPENSSH PRIVATE KEY-----\n",
            "private_key_pem": "-----BEGIN RSA PRIVATE KEY-----\nMIIJKQIBAAKCAgEAzVOjn31ZUVAbDQvdDg4YWEQFIJxQDy1qdFSTDksSdql4j0dp\nHk6zGA+x2cwMh230Lpi8C6DzdSYxmfSsN/VXhXCmb6U5gGcBkVjyTomxn0k1VQ7k\nM1xzHnpiL91rQX9sT31k4M2rs7xIgxxxStyiDz2PzQ1XqQFbkKFegchcDzimdSom\n3oOxVvX9z5CtiePUvHO3PcoiAmJd0mktCXFKaWFLQ79HDOENoeZwcjVq0xoWZpl9\nXQA8TRgvbKxDTl/Fdj2Rw4EYHN9hU9F+KlgA90RIxsQbF+sTzsrQ7L0wqdbaX5W3\nvuoyhBK/ozPOH7yXgL8TJH/gdlUYo/8f1AFkxUV+jkd13we4KeQBoe/bs1RfuiVI\nCFh2GcWwq1zr9/2zaZNIlPyh63m41U8qoUie8oDKcnlgPZnllKIdFhr0C3h6xKrQ\nc4KyvwlUOZ07mBm3ysSxHsJQ4udY3h3lGIO1rn05TN9dpQeeZOUzx0eSqyDuONka\ntSPbYpRyO7667ol0zHx8zrAzFXdav+gd2IhASxgroJ6OIONEsJSnu7QdlEwbM0eR\n8AxVldHzds3i63Sbo2gwlg2bv/XuRhCcYS99WZog3sEDRljXXalJwL481Crzi92a\nVdNtrbCCePGk6KWQ0NrWZVcbtD+zojuWoWNqPShPlPZUu+Z6fTWWLzWrd0MCAwEA\nAQKCAgADY2AfHIpql/5aSAiP+s/tfDetznIpk8WNNeDLtn6D3gmBcNuATIfMZ00r\np0MQkzrTkr68AO+PK7Fy73jZghaO6YOEITaT4U3OxgVWrbZFu1j8fxA6xdU6qVdu\nK3++r9rgPaaRl9M/s03fBLncx3ot3AV6AGN0G5a38s7V4oNuBZlLC3qouJxVRqnl\n6AmjnCPwAOR3YUls7bzLsp2zo6RnbpXDAG595bu72xyHLqp5ssPHgI3+2ic724mV\niAroprkE5WOQMrHg/HR8hCTV7JaRrImyiZzOqPYLcVpuU3mfMPGIGvy7DWmSK6LZ\nj1CPcSVAUqEKmeAmtqUiLL/xtL/RSIEb0+hF0sm2YhKG+/0rvRcIhCKeBPUo4CT5\nf3P7K1tIruuRrEGSEyh3KkZoqbCy4Kqpp0w76MFVFDdtu5WmjnL+ToVxuigl/a7I\nF5UMv5DZbedicIzXHvvZoSE+XVR//mUoXr5V6YsMtsK51j35MvzNMONHBBJ+tzUb\nLiEdfK/mJL/Q9CWMVTxSnMgtiVrJkhK2krqbXsAH4tlBw+9rQCWM8snJ5+KxMeEX\ntMgpSTRKZIh2tCsdf+6gUS2dpTb+4/qnFbNsZPhTNSx8SCaHvKN5vZovQh2NZep7\nEtpgAvfy2IvGNfV2hGCPu8t/+jTnY3nfrPZ8zDl1nod4sMmewQKCAQEA9RYrSBNz\nNY2GOhtbMpc1vpQCmWBWnBJfBWZ7njm6GZW/4oIvEnmrPjA/d8/ASd8POcsInflt\nTW01e0+1tBeiw+OWyqciXxoNKwzJBIuWc1zvnQkMjLU03fdskENst/iBUlb9Qr6X\neZuphDT+Sp/BhVCQiWNZ79y44cy6L/ZwwBkFV3l6DRubsWt20Bw6iO++ozW1Qqcu\nZ+w0p6xgf+dd5SDJmrl0LjK5YE2mod6+bNK6B6d3McR5213+mQ6uW2rUuYL6yv4j\nvpuiLhUWGb+RbzeGqwqlF6zf5wjhygVI0lgv9DhY5iCaA44PzH21KRyemVI2n3kY\nVuUasfRfeudF9wKCAQEA1ng7l0ps/Xz/j7Aj+F4I18PZDlknP67JgZ3PqkonUqng\nboUuhV1/rDZuoQK6EFTtzNSvdifnvIKGd67JkO12XlEEixZ+Kro7E2EaCyk2yYcJ\nlq2ryln+N9lLBBXTYruSZm/F/oqrR+Lzaxzxj4A3BiOOAGmQNbP5hVMqXjwleRAL\n8NC+Q+Xz3QVbmPs3ByhCe7GXbz+28B/+mecniEoIBbDmaPhBSCFmd03PICsyY24x\nfSBe1pcCEX7VBxtRv902A18wJMUc0/6S7WtprJqN57w7WDIXLtJOmfzirMoodZOH\nefexecCKvEdf/kGxNCe2DeqLuGPqiXQ8/HzPUuyWFQKCAQEA5EAoQPD0S/yo9HbD\nwWL3x6x6mzMQlju5yQK/wAUNH4TKdv49Lpyncbxnb4LJF0MpH+7J8K36MLCzrUr3\n82hLytmrdsKfDSjq+JvonlYN4RS9h2eFC4o7WTl0HwrcNp22euPO7BkqYzQodJsR\n9JfCGBGG+pzPhsbuXERZZg/Cw/TJd8UHeSusHVjzBzAzB5MX3VJIpHGkk151T28H\nVDc6yAh4GaP74oaVBG5s8LXMbPb4D+bT6EKOJlHsqcj1cugUg0zLmr+CtKKnMPms\nYoB5xrVUsviv9lOnFri753RydIty5aSQjonwRb1JU24DiO1Be5MIkg6qL0shSHhJ\nb+Hx0wKCAQAlIg4XRMCYJxNMeo/PyeA4E2W6cT81bHrhIUS6VDp4uobsO8zxNF4N\noCMJZ6J1f27o3w4+I+ygm+zSPgYSPLsY22gw+MUBetsNoOtUcV9WBzZmy00KLQix\n/MJbQ7gkyRsw9ztNtg6v1KCWtB0y3l0oh/FnKt/YHIAgUGTuifVm/5tBp7K5qM/P\nPcU9OImviI3yQq5YiayP6Mo5NWeH1mGLMrTCCfGrnnTSRTuOc0w3IPYalwc0mlK2\nWsJhh55g3NkkPk/kneg+4D3qM4XJZ70YGWQhAhM3fRw01y8cAah9qvxy5qrozKh4\nrtb0+8TFpfaEdE6ar1oFUIXapXV0Axh9AoIBAQDWGd0cJLM4LlDza7vIpUcKwqhd\n/oioC6r4GDoQxsF676dyvAL6DqKp5czYoooq6RUxMyHuplS4umgZHKgcbEF7r+8B\nTErdANJ7pRpMVhEWAbGcrd0dorAWaE7xz8xMeS1wkgrxnDrVy5rqCQ3Xduw+eu9y\n7bwJRvEb3wXwxE4+K+CU4sAeLUylFXvGoQq5y7Der0dpboaU0xSbDhohoUI471Ip\n438LmiWNE3WOE699/SKKkGfnX1jronuw/oUdBDlKx+kn7pXziCrUjvLTZwPAe+NA\nC2H1U3mPHuexdfwd4S81+DV3MCvKn/NaW53d0ozr/HBhHPbtbhfwAKAhEpuV\n-----END RSA PRIVATE KEY-----\n",
            "private_key_pem_pkcs8": "-----BEGIN PRIVATE KEY-----\nMIIJQwIBADANBgkqhkiG9w0BAQEFAASCCS0wggkpAgEAAoICAQDNU6OffVlRUBsN\nC90ODhhYRAUgnFAPLWp0VJMOSxJ2qXiPR2keTrMYD7HZzAyHbfQumLwLoPN1JjGZ\n9Kw39VeFcKZvpTmAZwGRWPJOibGfSTVVDuQzXHMeemIv3WtBf2xPfWTgzauzvEiD\nHHFK3KIPPY/NDVepAVuQoV6ByFwPOKZ1Kibeg7FW9f3PkK2J49S8c7c9yiICYl3S\naS0JcUppYUtDv0cM4Q2h5nByNWrTGhZmmX1dADxNGC9srENOX8V2PZHDgRgc32FT\n0X4qWAD3REjGxBsX6xPOytDsvTCp1tpflbe+6jKEEr+jM84fvJeAvxMkf+B2VRij\n/x/UAWTFRX6OR3XfB7gp5AGh79uzVF+6JUgIWHYZxbCrXOv3/bNpk0iU/KHrebjV\nTyqhSJ7ygMpyeWA9meWUoh0WGvQLeHrEqtBzgrK/CVQ5nTuYGbfKxLEewlDi51je\nHeUYg7WufTlM312lB55k5TPHR5KrIO442Rq1I9tilHI7vrruiXTMfHzOsDMVd1q/\n6B3YiEBLGCugno4g40SwlKe7tB2UTBszR5HwDFWV0fN2zeLrdJujaDCWDZu/9e5G\nEJxhL31ZmiDewQNGWNddqUnAvjzUKvOL3ZpV022tsIJ48aTopZDQ2tZlVxu0P7Oi\nO5ahY2o9KE+U9lS75np9NZYvNat3QwIDAQABAoICAANjYB8cimqX/lpICI/6z+18\nN63OcimTxY014Mu2foPeCYFw24BMh8xnTSunQxCTOtOSvrwA748rsXLveNmCFo7p\ng4QhNpPhTc7GBVattkW7WPx/EDrF1TqpV24rf76v2uA9ppGX0z+zTd8EudzHei3c\nBXoAY3QblrfyztXig24FmUsLeqi4nFVGqeXoCaOcI/AA5HdhSWztvMuynbOjpGdu\nlcMAbn3lu7vbHIcuqnmyw8eAjf7aJzvbiZWICuimuQTlY5AyseD8dHyEJNXslpGs\nibKJnM6o9gtxWm5TeZ8w8Yga/LsNaZIrotmPUI9xJUBSoQqZ4Ca2pSIsv/G0v9FI\ngRvT6EXSybZiEob7/Su9FwiEIp4E9SjgJPl/c/srW0iu65GsQZITKHcqRmipsLLg\nqqmnTDvowVUUN227laaOcv5OhXG6KCX9rsgXlQy/kNlt52JwjNce+9mhIT5dVH/+\nZShevlXpiwy2wrnWPfky/M0w40cEEn63NRsuIR18r+Ykv9D0JYxVPFKcyC2JWsmS\nEraSuptewAfi2UHD72tAJYzyycnn4rEx4Re0yClJNEpkiHa0Kx1/7qBRLZ2lNv7j\n+qcVs2xk+FM1LHxIJoe8o3m9mi9CHY1l6nsS2mAC9/LYi8Y19XaEYI+7y3/6NOdj\ned+s9nzMOXWeh3iwyZ7BAoIBAQD1FitIE3M1jYY6G1sylzW+lAKZYFacEl8FZnue\nOboZlb/igi8Seas+MD93z8BJ3w85ywid+W1NbTV7T7W0F6LD45bKpyJfGg0rDMkE\ni5ZzXO+dCQyMtTTd92yQQ2y3+IFSVv1Cvpd5m6mENP5Kn8GFUJCJY1nv3LjhzLov\n9nDAGQVXeXoNG5uxa3bQHDqI776jNbVCpy5n7DSnrGB/513lIMmauXQuMrlgTaah\n3r5s0roHp3cxxHnbXf6ZDq5batS5gvrK/iO+m6IuFRYZv5FvN4arCqUXrN/nCOHK\nBUjSWC/0OFjmIJoDjg/MfbUpHJ6ZUjafeRhW5Rqx9F9650X3AoIBAQDWeDuXSmz9\nfP+PsCP4XgjXw9kOWSc/rsmBnc+qSidSqeBuhS6FXX+sNm6hAroQVO3M1K92J+e8\ngoZ3rsmQ7XZeUQSLFn4qujsTYRoLKTbJhwmWravKWf432UsEFdNiu5Jmb8X+iqtH\n4vNrHPGPgDcGI44AaZA1s/mFUypePCV5EAvw0L5D5fPdBVuY+zcHKEJ7sZdvP7bw\nH/6Z5yeISggFsOZo+EFIIWZ3Tc8gKzJjbjF9IF7WlwIRftUHG1G/3TYDXzAkxRzT\n/pLta2msmo3nvDtYMhcu0k6Z/OKsyih1k4d597F5wIq8R1/+QbE0J7YN6ou4Y+qJ\ndDz8fM9S7JYVAoIBAQDkQChA8PRL/Kj0dsPBYvfHrHqbMxCWO7nJAr/ABQ0fhMp2\n/j0unKdxvGdvgskXQykf7snwrfowsLOtSvfzaEvK2at2wp8NKOr4m+ieVg3hFL2H\nZ4ULijtZOXQfCtw2nbZ6487sGSpjNCh0mxH0l8IYEYb6nM+Gxu5cRFlmD8LD9Ml3\nxQd5K6wdWPMHMDMHkxfdUkikcaSTXnVPbwdUNzrICHgZo/vihpUEbmzwtcxs9vgP\n5tPoQo4mUeypyPVy6BSDTMuav4K0oqcw+axigHnGtVSy+K/2U6cWuLvndHJ0i3Ll\npJCOifBFvUlTbgOI7UF7kwiSDqovSyFIeElv4fHTAoIBACUiDhdEwJgnE0x6j8/J\n4DgTZbpxPzVseuEhRLpUOni6huw7zPE0Xg2gIwlnonV/bujfDj4j7KCb7NI+BhI8\nuxjbaDD4xQF62w2g61RxX1YHNmbLTQotCLH8wltDuCTJGzD3O022Dq/UoJa0HTLe\nXSiH8Wcq39gcgCBQZO6J9Wb/m0Gnsrmoz889xT04ia+IjfJCrliJrI/oyjk1Z4fW\nYYsytMIJ8auedNJFO45zTDcg9hqXBzSaUrZawmGHnmDc2SQ+T+Sd6D7gPeozhcln\nvRgZZCECEzd9HDTXLxwBqH2q/HLmqujMqHiu1vT7xMWl9oR0TpqvWgVQhdqldXQD\nGH0CggEBANYZ3RwkszguUPNru8ilRwrCqF3+iKgLqvgYOhDGwXrvp3K8AvoOoqnl\nzNiiiirpFTEzIe6mVLi6aBkcqBxsQXuv7wFMSt0A0nulGkxWERYBsZyt3R2isBZo\nTvHPzEx5LXCSCvGcOtXLmuoJDdd27D5673LtvAlG8RvfBfDETj4r4JTiwB4tTKUV\ne8ahCrnLsN6vR2luhpTTFJsOGiGhQjjvUinjfwuaJY0TdY4Tr339IoqQZ+dfWOui\ne7D+hR0EOUrH6SfulfOIKtSO8tNnA8B740ALYfVTeY8e57F1/B3hLzX4NXcwK8qf\n81pbnd3SjOv8cGEc9u1uF/AAoCESm5U=\n-----END PRIVATE KEY-----\n",
            "public_key_fingerprint_md5": "3b:00:bf:fc:9f:1a:de:9e:19:94:be:32:d7:77:31:9f",
            "public_key_fingerprint_sha256": "SHA256:+EBuIQgXuUVvTwLRJdaj0QXnD3Zo9igDjFbO2CXz8yQ",
            "public_key_openssh": "ssh-rsa AAAAB3NzaC1yc2EAAAADAQABAAACAQDNU6OffVlRUBsNC90ODhhYRAUgnFAPLWp0VJMOSxJ2qXiPR2keTrMYD7HZzAyHbfQumLwLoPN1JjGZ9Kw39VeFcKZvpTmAZwGRWPJOibGfSTVVDuQzXHMeemIv3WtBf2xPfWTgzauzvEiDHHFK3KIPPY/NDVepAVuQoV6ByFwPOKZ1Kibeg7FW9f3PkK2J49S8c7c9yiICYl3SaS0JcUppYUtDv0cM4Q2h5nByNWrTGhZmmX1dADxNGC9srENOX8V2PZHDgRgc32FT0X4qWAD3REjGxBsX6xPOytDsvTCp1tpflbe+6jKEEr+jM84fvJeAvxMkf+B2VRij/x/UAWTFRX6OR3XfB7gp5AGh79uzVF+6JUgIWHYZxbCrXOv3/bNpk0iU/KHrebjVTyqhSJ7ygMpyeWA9meWUoh0WGvQLeHrEqtBzgrK/CVQ5nTuYGbfKxLEewlDi51jeHeUYg7WufTlM312lB55k5TPHR5KrIO442Rq1I9tilHI7vrruiXTMfHzOsDMVd1q/6B3YiEBLGCugno4g40SwlKe7tB2UTBszR5HwDFWV0fN2zeLrdJujaDCWDZu/9e5GEJxhL31ZmiDewQNGWNddqUnAvjzUKvOL3ZpV022tsIJ48aTopZDQ2tZlVxu0P7OiO5ahY2o9KE+U9lS75np9NZYvNat3Qw==\n",
            "public_key_pem": "-----BEGIN PUBLIC KEY-----\nMIICIjANBgkqhkiG9w0BAQEFAAOCAg8AMIICCgKCAgEAzVOjn31ZUVAbDQvdDg4Y\nWEQFIJxQDy1qdFSTDksSdql4j0dpHk6zGA+x2cwMh230Lpi8C6DzdSYxmfSsN/VX\nhXCmb6U5gGcBkVjyTomxn0k1VQ7kM1xzHnpiL91rQX9sT31k4M2rs7xIgxxxStyi\nDz2PzQ1XqQFbkKFegchcDzimdSom3oOxVvX9z5CtiePUvHO3PcoiAmJd0mktCXFK\naWFLQ79HDOENoeZwcjVq0xoWZpl9XQA8TRgvbKxDTl/Fdj2Rw4EYHN9hU9F+KlgA\n90RIxsQbF+sTzsrQ7L0wqdbaX5W3vuoyhBK/ozPOH7yXgL8TJH/gdlUYo/8f1AFk\nxUV+jkd13we4KeQBoe/bs1RfuiVICFh2GcWwq1zr9/2zaZNIlPyh63m41U8qoUie\n8oDKcnlgPZnllKIdFhr0C3h6xKrQc4KyvwlUOZ07mBm3ysSxHsJQ4udY3h3lGIO1\nrn05TN9dpQeeZOUzx0eSqyDuONkatSPbYpRyO7667ol0zHx8zrAzFXdav+gd2IhA\nSxgroJ6OIONEsJSnu7QdlEwbM0eR8AxVldHzds3i63Sbo2gwlg2bv/XuRhCcYS99\nWZog3sEDRljXXalJwL481Crzi92aVdNtrbCCePGk6KWQ0NrWZVcbtD+zojuWoWNq\nPShPlPZUu+Z6fTWWLzWrd0MCAwEAAQ==\n-----END PUBLIC KEY-----\n",
            "rsa_bits": 4096
          },
          "sensitive_attributes": [
            [
              {
                "type": "get_attr",
                "value": "private_key_openssh"
              }
            ],
            [
              {
                "type": "get_attr",
                "value": "private_key_pem"
              }
            ],
            [
              {
                "type": "get_attr",
                "value": "private_key_pem_pkcs8"
              }
            ]
          ],
          "identity_schema_version": 0
        }
      ]
    },
    {
      "module": "module.monitoring",
      "mode": "managed",
      "type": "azurerm_log_analytics_workspace",
      "name": "law",
      "provider": "provider[\"registry.terraform.io/hashicorp/azurerm\"]",
      "instances": [
        {
          "schema_version": 3,
          "attributes": {
            "allow_resource_only_permissions": true,
            "cmk_for_query_forced": false,
            "daily_quota_gb": -1,
            "data_collection_rule_id": "",
            "id": "/subscriptions/c9408e4f-a269-4158-9a33-8e945d083b52/resourceGroups/terraform-infra-RG/providers/Microsoft.OperationalInsights/workspaces/terraform-law",
            "identity": [],
            "immediate_data_purge_on_30_days_enabled": false,
            "internet_ingestion_enabled": true,
            "internet_query_enabled": true,
            "local_authentication_disabled": false,
            "location": "westus2",
            "name": "terraform-law",
            "primary_shared_key": "JcGl9LdxoA4ry0pMWP4eXrxn86XrQ2KoGnocQxB5+8n7ITGn5EKQqgViP90MlqytNUqLAbEs7Sxj3OTdBhTxeQ==",
            "reservation_capacity_in_gb_per_day": null,
            "resource_group_name": "terraform-infra-RG",
            "retention_in_days": 30,
            "secondary_shared_key": "WEqD7lBkUjR+lNe4DrZoRMloljZnFcqMu4IxxBd/fsFuVbVnjyeGYVnS0RTd6vMgi7oRPqXkMdpX2ei4Nhb+tg==",
            "sku": "PerGB2018",
            "tags": {},
            "timeouts": null,
            "workspace_id": "972f3fc2-908e-4cc8-98cf-caa8f93f0c5d"
          },
          "sensitive_attributes": [
            [
              {
                "type": "get_attr",
                "value": "primary_shared_key"
              }
            ],
            [
              {
                "type": "get_attr",
                "value": "secondary_shared_key"
              }
            ]
          ],
          "identity_schema_version": 0,
          "private": "eyJlMmJmYjczMC1lY2FhLTExZTYtOGY4OC0zNDM2M2JjN2M0YzAiOnsiY3JlYXRlIjoxODAwMDAwMDAwMDAwLCJkZWxldGUiOjE4MDAwMDAwMDAwMDAsInJlYWQiOjMwMDAwMDAwMDAwMCwidXBkYXRlIjoxODAwMDAwMDAwMDAwfSwic2NoZW1hX3ZlcnNpb24iOiIzIn0="
        }
      ]
    },
    {
      "module": "module.network",
      "mode": "managed",
      "type": "azurerm_network_security_group",
      "name": "nsg",
      "provider": "provider[\"registry.terraform.io/hashicorp/azurerm\"]",
      "instances": [
        {
          "schema_version": 0,
          "attributes": {
            "id": "/subscriptions/c9408e4f-a269-4158-9a33-8e945d083b52/resourceGroups/terraform-infra-RG/providers/Microsoft.Network/networkSecurityGroups/terraform-nsg",
            "location": "westus2",
            "name": "terraform-nsg",
            "resource_group_name": "terraform-infra-RG",
            "security_rule": [
              {
                "access": "Allow",
                "description": "",
                "destination_address_prefix": "*",
                "destination_address_prefixes": [],
                "destination_application_security_group_ids": [],
                "destination_port_range": "22",
                "destination_port_ranges": [],
                "direction": "Inbound",
                "name": "Allow-SSH",
                "priority": 100,
                "protocol": "Tcp",
                "source_address_prefix": "0.0.0.0/0",
                "source_address_prefixes": [],
                "source_application_security_group_ids": [],
                "source_port_range": "*",
                "source_port_ranges": []
              },
              {
                "access": "Allow",
                "description": "",
                "destination_address_prefix": "*",
                "destination_address_prefixes": [],
                "destination_application_security_group_ids": [],
                "destination_port_range": "80",
                "destination_port_ranges": [],
                "direction": "Inbound",
                "name": "Allow-HTTP",
                "priority": 110,
                "protocol": "Tcp",
                "source_address_prefix": "*",
                "source_address_prefixes": [],
                "source_application_security_group_ids": [],
                "source_port_range": "*",
                "source_port_ranges": []
              }
            ],
            "tags": {},
            "timeouts": null
          },
          "sensitive_attributes": [],
          "identity_schema_version": 0,
          "private": "eyJlMmJmYjczMC1lY2FhLTExZTYtOGY4OC0zNDM2M2JjN2M0YzAiOnsiY3JlYXRlIjoxODAwMDAwMDAwMDAwLCJkZWxldGUiOjE4MDAwMDAwMDAwMDAsInJlYWQiOjMwMDAwMDAwMDAwMCwidXBkYXRlIjoxODAwMDAwMDAwMDAwfX0="
        }
      ]
    },
    {
      "module": "module.network",
      "mode": "managed",
      "type": "azurerm_subnet",
      "name": "data",
      "provider": "provider[\"registry.terraform.io/hashicorp/azurerm\"]",
      "instances": [
        {
          "schema_version": 0,
          "attributes": {
            "address_prefixes": [
              "10.0.3.0/24"
            ],
            "default_outbound_access_enabled": true,
            "delegation": [
              {
                "name": "postgresql",
                "service_delegation": [
                  {
                    "actions": [
                      "Microsoft.Network/virtualNetworks/subnets/join/action"
                    ],
                    "name": "Microsoft.DBforPostgreSQL/flexibleServers"
                  }
                ]
              }
            ],
            "enforce_private_link_endpoint_network_policies": false,
            "enforce_private_link_service_network_policies": false,
            "id": "/subscriptions/c9408e4f-a269-4158-9a33-8e945d083b52/resourceGroups/terraform-infra-RG/providers/Microsoft.Network/virtualNetworks/terraform-vnet/subnets/data-subnet",
            "name": "data-subnet",
            "private_endpoint_network_policies": "Enabled",
            "private_endpoint_network_policies_enabled": true,
            "private_link_service_network_policies_enabled": true,
            "resource_group_name": "terraform-infra-RG",
            "service_endpoint_policy_ids": [],
            "service_endpoints": [],
            "timeouts": null,
            "virtual_network_name": "terraform-vnet"
          },
          "sensitive_attributes": [],
          "identity_schema_version": 0,
          "private": "eyJlMmJmYjczMC1lY2FhLTExZTYtOGY4OC0zNDM2M2JjN2M0YzAiOnsiY3JlYXRlIjoxODAwMDAwMDAwMDAwLCJkZWxldGUiOjE4MDAwMDAwMDAwMDAsInJlYWQiOjMwMDAwMDAwMDAwMCwidXBkYXRlIjoxODAwMDAwMDAwMDAwfX0=",
          "dependencies": [
            "module.network.azurerm_virtual_network.vnet"
          ]
        }
      ]
    },
    {
      "module": "module.network",
      "mode": "managed",
      "type": "azurerm_subnet",
      "name": "private",
      "provider": "provider[\"registry.terraform.io/hashicorp/azurerm\"]",
      "instances": [
        {
          "schema_version": 0,
          "attributes": {
            "address_prefixes": [
              "10.0.2.0/24"
            ],
            "default_outbound_access_enabled": true,
            "delegation": [],
            "enforce_private_link_endpoint_network_policies": false,
            "enforce_private_link_service_network_policies": false,
            "id": "/subscriptions/c9408e4f-a269-4158-9a33-8e945d083b52/resourceGroups/terraform-infra-RG/providers/Microsoft.Network/virtualNetworks/terraform-vnet/subnets/private-subnet",
            "name": "private-subnet",
            "private_endpoint_network_policies": "Enabled",
            "private_endpoint_network_policies_enabled": true,
            "private_link_service_network_policies_enabled": true,
            "resource_group_name": "terraform-infra-RG",
            "service_endpoint_policy_ids": [],
            "service_endpoints": [],
            "timeouts": null,
            "virtual_network_name": "terraform-vnet"
          },
          "sensitive_attributes": [],
          "identity_schema_version": 0,
          "private": "eyJlMmJmYjczMC1lY2FhLTExZTYtOGY4OC0zNDM2M2JjN2M0YzAiOnsiY3JlYXRlIjoxODAwMDAwMDAwMDAwLCJkZWxldGUiOjE4MDAwMDAwMDAwMDAsInJlYWQiOjMwMDAwMDAwMDAwMCwidXBkYXRlIjoxODAwMDAwMDAwMDAwfX0=",
          "dependencies": [
            "module.network.azurerm_virtual_network.vnet"
          ]
        }
      ]
    },
    {
      "module": "module.network",
      "mode": "managed",
      "type": "azurerm_subnet",
      "name": "public",
      "provider": "provider[\"registry.terraform.io/hashicorp/azurerm\"]",
      "instances": [
        {
          "schema_version": 0,
          "attributes": {
            "address_prefixes": [
              "10.0.1.0/24"
            ],
            "default_outbound_access_enabled": true,
            "delegation": [],
            "enforce_private_link_endpoint_network_policies": false,
            "enforce_private_link_service_network_policies": false,
            "id": "/subscriptions/c9408e4f-a269-4158-9a33-8e945d083b52/resourceGroups/terraform-infra-RG/providers/Microsoft.Network/virtualNetworks/terraform-vnet/subnets/public-subnet",
            "name": "public-subnet",
            "private_endpoint_network_policies": "Enabled",
            "private_endpoint_network_policies_enabled": true,
            "private_link_service_network_policies_enabled": true,
            "resource_group_name": "terraform-infra-RG",
            "service_endpoint_policy_ids": [],
            "service_endpoints": [],
            "timeouts": null,
            "virtual_network_name": "terraform-vnet"
          },
          "sensitive_attributes": [],
          "identity_schema_version": 0,
          "private": "eyJlMmJmYjczMC1lY2FhLTExZTYtOGY4OC0zNDM2M2JjN2M0YzAiOnsiY3JlYXRlIjoxODAwMDAwMDAwMDAwLCJkZWxldGUiOjE4MDAwMDAwMDAwMDAsInJlYWQiOjMwMDAwMDAwMDAwMCwidXBkYXRlIjoxODAwMDAwMDAwMDAwfX0=",
          "dependencies": [
            "module.network.azurerm_virtual_network.vnet"
          ]
        }
      ]
    },
    {
      "module": "module.network",
      "mode": "managed",
      "type": "azurerm_subnet_network_security_group_association",
      "name": "private_nsg",
      "provider": "provider[\"registry.terraform.io/hashicorp/azurerm\"]",
      "instances": [
        {
          "schema_version": 0,
          "attributes": {
            "id": "/subscriptions/c9408e4f-a269-4158-9a33-8e945d083b52/resourceGroups/terraform-infra-RG/providers/Microsoft.Network/virtualNetworks/terraform-vnet/subnets/private-subnet",
            "network_security_group_id": "/subscriptions/c9408e4f-a269-4158-9a33-8e945d083b52/resourceGroups/terraform-infra-RG/providers/Microsoft.Network/networkSecurityGroups/terraform-nsg",
            "subnet_id": "/subscriptions/c9408e4f-a269-4158-9a33-8e945d083b52/resourceGroups/terraform-infra-RG/providers/Microsoft.Network/virtualNetworks/terraform-vnet/subnets/private-subnet",
            "timeouts": null
          },
          "sensitive_attributes": [],
          "identity_schema_version": 0,
          "private": "eyJlMmJmYjczMC1lY2FhLTExZTYtOGY4OC0zNDM2M2JjN2M0YzAiOnsiY3JlYXRlIjoxODAwMDAwMDAwMDAwLCJkZWxldGUiOjE4MDAwMDAwMDAwMDAsInJlYWQiOjMwMDAwMDAwMDAwMH19",
          "dependencies": [
            "module.network.azurerm_network_security_group.nsg",
            "module.network.azurerm_subnet.private",
            "module.network.azurerm_virtual_network.vnet"
          ]
        }
      ]
    },
    {
      "module": "module.network",
      "mode": "managed",
      "type": "azurerm_virtual_network",
      "name": "vnet",
      "provider": "provider[\"registry.terraform.io/hashicorp/azurerm\"]",
      "instances": [
        {
          "schema_version": 0,
          "attributes": {
            "address_space": [
              "10.0.0.0/16"
            ],
            "bgp_community": "",
            "ddos_protection_plan": [],
            "dns_servers": [],
            "edge_zone": "",
            "encryption": [],
            "flow_timeout_in_minutes": 0,
            "guid": "ec7ad4b1-3762-4938-b7a2-212e80894e17",
            "id": "/subscriptions/c9408e4f-a269-4158-9a33-8e945d083b52/resourceGroups/terraform-infra-RG/providers/Microsoft.Network/virtualNetworks/terraform-vnet",
            "location": "westus2",
            "name": "terraform-vnet",
            "resource_group_name": "terraform-infra-RG",
            "subnet": [
              {
                "address_prefix": "10.0.1.0/24",
                "id": "/subscriptions/c9408e4f-a269-4158-9a33-8e945d083b52/resourceGroups/terraform-infra-RG/providers/Microsoft.Network/virtualNetworks/terraform-vnet/subnets/public-subnet",
                "name": "public-subnet",
                "security_group": ""
              },
              {
                "address_prefix": "10.0.2.0/24",
                "id": "/subscriptions/c9408e4f-a269-4158-9a33-8e945d083b52/resourceGroups/terraform-infra-RG/providers/Microsoft.Network/virtualNetworks/terraform-vnet/subnets/private-subnet",
                "name": "private-subnet",
                "security_group": "/subscriptions/c9408e4f-a269-4158-9a33-8e945d083b52/resourceGroups/terraform-infra-RG/providers/Microsoft.Network/networkSecurityGroups/terraform-nsg"
              },
              {
                "address_prefix": "10.0.3.0/24",
                "id": "/subscriptions/c9408e4f-a269-4158-9a33-8e945d083b52/resourceGroups/terraform-infra-RG/providers/Microsoft.Network/virtualNetworks/terraform-vnet/subnets/data-subnet",
                "name": "data-subnet",
                "security_group": ""
              }
            ],
            "tags": {},
            "timeouts": null
          },
          "sensitive_attributes": [],
          "identity_schema_version": 0,
          "private": "eyJlMmJmYjczMC1lY2FhLTExZTYtOGY4OC0zNDM2M2JjN2M0YzAiOnsiY3JlYXRlIjoxODAwMDAwMDAwMDAwLCJkZWxldGUiOjE4MDAwMDAwMDAwMDAsInJlYWQiOjMwMDAwMDAwMDAwMCwidXBkYXRlIjoxODAwMDAwMDAwMDAwfX0="
        }
      ]
    },
    {
      "module": "module.security",
      "mode": "data",
      "type": "azurerm_client_config",
      "name": "current",
      "provider": "provider[\"registry.terraform.io/hashicorp/azurerm\"]",
      "instances": [
        {
          "schema_version": 0,
          "attributes": {
            "client_id": "04b07795-8ddb-461a-bbee-02f9e1bf7b46",
            "id": "Y2xpZW50Q29uZmlncy9jbGllbnRJZD0wNGIwNzc5NS04ZGRiLTQ2MWEtYmJlZS0wMmY5ZTFiZjdiNDY7b2JqZWN0SWQ9Y2ZlODkxYzUtZGFmZC00YTQyLWJjMDItODExMTI1OWNmYzFmO3N1YnNjcmlwdGlvbklkPWM5NDA4ZTRmLWEyNjktNDE1OC05YTMzLThlOTQ1ZDA4M2I1Mjt0ZW5hbnRJZD0zN2U1N2YxMy00ZmJkLTQwNGQtYTQ5ZC0yNjhmNjJkMjI3NTQ=",
            "object_id": "cfe891c5-dafd-4a42-bc02-8111259cfc1f",
            "subscription_id": "c9408e4f-a269-4158-9a33-8e945d083b52",
            "tenant_id": "37e57f13-4fbd-404d-a49d-268f62d22754",
            "timeouts": null
          },
          "sensitive_attributes": [],
          "identity_schema_version": 0
        }
      ]
    },
    {
      "module": "module.security",
      "mode": "managed",
      "type": "azurerm_key_vault",
      "name": "kv",
      "provider": "provider[\"registry.terraform.io/hashicorp/azurerm\"]",
      "instances": [
        {
          "schema_version": 2,
          "attributes": {
            "access_policy": [
              {
                "application_id": "",
                "certificate_permissions": [],
                "key_permissions": [],
                "object_id": "cfe891c5-dafd-4a42-bc02-8111259cfc1f",
                "secret_permissions": [
                  "Get",
                  "Set",
                  "List",
                  "Delete"
                ],
                "storage_permissions": [],
                "tenant_id": "37e57f13-4fbd-404d-a49d-268f62d22754"
              }
            ],
            "contact": [],
            "enable_rbac_authorization": false,
            "enabled_for_deployment": false,
            "enabled_for_disk_encryption": false,
            "enabled_for_template_deployment": false,
            "id": "/subscriptions/c9408e4f-a269-4158-9a33-8e945d083b52/resourceGroups/terraform-infra-RG/providers/Microsoft.KeyVault/vaults/terraform-kv-322486",
            "location": "westus2",
            "name": "terraform-kv-322486",
            "network_acls": [
              {
                "bypass": "AzureServices",
                "default_action": "Allow",
                "ip_rules": [],
                "virtual_network_subnet_ids": []
              }
            ],
            "public_network_access_enabled": true,
            "purge_protection_enabled": false,
            "resource_group_name": "terraform-infra-RG",
            "sku_name": "standard",
            "soft_delete_retention_days": 90,
            "tags": {},
            "tenant_id": "37e57f13-4fbd-404d-a49d-268f62d22754",
            "timeouts": null,
            "vault_uri": "https://terraform-kv-322486.vault.azure.net/"
          },
          "sensitive_attributes": [],
          "identity_schema_version": 0,
          "private": "eyJlMmJmYjczMC1lY2FhLTExZTYtOGY4OC0zNDM2M2JjN2M0YzAiOnsiY3JlYXRlIjoxODAwMDAwMDAwMDAwLCJkZWxldGUiOjE4MDAwMDAwMDAwMDAsInJlYWQiOjMwMDAwMDAwMDAwMCwidXBkYXRlIjoxODAwMDAwMDAwMDAwfSwic2NoZW1hX3ZlcnNpb24iOiIyIn0=",
          "dependencies": [
            "module.security.data.azurerm_client_config.current"
          ]
        }
      ]
    },
    {
      "module": "module.security",
      "mode": "managed",
      "type": "azurerm_key_vault_secret",
      "name": "admin_password",
      "provider": "provider[\"registry.terraform.io/hashicorp/azurerm\"]",
      "instances": [
        {
          "schema_version": 0,
          "attributes": {
            "content_type": "",
            "expiration_date": null,
            "id": "https://terraform-kv-322486.vault.azure.net/secrets/admin-password/53c3680941514ef7a17605c96d427abd",
            "key_vault_id": "/subscriptions/c9408e4f-a269-4158-9a33-8e945d083b52/resourceGroups/terraform-infra-RG/providers/Microsoft.KeyVault/vaults/terraform-kv-322486",
            "name": "admin-password",
            "not_before_date": null,
            "resource_id": "/subscriptions/c9408e4f-a269-4158-9a33-8e945d083b52/resourceGroups/terraform-infra-RG/providers/Microsoft.KeyVault/vaults/terraform-kv-322486/secrets/admin-password/versions/53c3680941514ef7a17605c96d427abd",
            "resource_versionless_id": "/subscriptions/c9408e4f-a269-4158-9a33-8e945d083b52/resourceGroups/terraform-infra-RG/providers/Microsoft.KeyVault/vaults/terraform-kv-322486/secrets/admin-password",
            "tags": {},
            "timeouts": null,
            "value": "H]0xGaC=X:%CMNi4",
            "version": "53c3680941514ef7a17605c96d427abd",
            "versionless_id": "https://terraform-kv-322486.vault.azure.net/secrets/admin-password"
          },
          "sensitive_attributes": [
            [
              {
                "type": "get_attr",
                "value": "value"
              }
            ]
          ],
          "identity_schema_version": 0,
          "private": "eyJlMmJmYjczMC1lY2FhLTExZTYtOGY4OC0zNDM2M2JjN2M0YzAiOnsiY3JlYXRlIjoxODAwMDAwMDAwMDAwLCJkZWxldGUiOjE4MDAwMDAwMDAwMDAsInJlYWQiOjE4MDAwMDAwMDAwMDAsInVwZGF0ZSI6MTgwMDAwMDAwMDAwMH19",
          "dependencies": [
            "module.security.azurerm_key_vault.kv",
            "module.security.data.azurerm_client_config.current",
            "module.security.random_password.admin_password"
          ]
        }
      ]
    },
    {
      "module": "module.security",
      "mode": "managed",
      "type": "random_password",
      "name": "admin_password",
      "provider": "provider[\"registry.terraform.io/hashicorp/random\"]",
      "instances": [
        {
          "schema_version": 3,
          "attributes": {
            "bcrypt_hash": "$2a$10$UJVucxsEgPSImQJyLfZgWu/Z/Unh8mSoO6jh9WApKzd/kt9wmmT32",
            "id": "none",
            "keepers": null,
            "length": 16,
            "lower": true,
            "min_lower": 0,
            "min_numeric": 0,
            "min_special": 0,
            "min_upper": 0,
            "number": true,
            "numeric": true,
            "override_special": null,
            "result": "H]0xGaC=X:%CMNi4",
            "special": true,
            "upper": true
          },
          "sensitive_attributes": [
            [
              {
                "type": "get_attr",
                "value": "bcrypt_hash"
              }
            ],
            [
              {
                "type": "get_attr",
                "value": "result"
              }
            ]
          ],
          "identity_schema_version": 0
        }
      ]
    }
  ],
  "check_results": null
}
